github.com/davecgh/go-spew v1.1.1 h1:vj9j/u1bqnvCEfJOwUhtlOARqs3+rkHYY13jYWTU97c=
github.com/davecgh/go-spew v1.1.1/go.mod h1:J7Y8YcW2NihsgmVo/mv3lAwl/skON4iLHjSsI+c5H38=
github.com/mattn/go-colorable v0.1.12 h1:jF+Du6AlPIjs2BiUiQlKOX0rt3SujHxPnksPKZbaA40=
github.com/mattn/go-colorable v0.1.12/go.mod h1:u5H1YNBxpqRaxsYJYSkiCWKzEfiAb1Gb520KVy5xxl4=
github.com/mattn/go-isatty v0.0.14 h1:yVuAays6BHfxijgZPzw+3Zlu5yQgKGP2/hcQbHb7S9Y=
github.com/mattn/go-isatty v0.0.14/go.mod h1:7GGIvUiUoEMVVmxf/4nioHXj79iQHKdU27kJ6hsGG94=
github.com/mgutz/ansi v0.0.0-20200706080929-d51e80ef957d h1:5PJl274Y63IEHC+7izoQE9x6ikvDFZS2mDVS3drnohI=
github.com/mgutz/ansi v0.0.0-20200706080929-d51e80ef957d/go.mod h1:01TrycV0kFyexm33Z7vhZRXopbI8J3TDReVlkTgMUxE=
github.com/pmezard/go-difflib v1.0.0 h1:4DBwDE0NGyQoBHbLQYPwSUPoCMWR5BEzIk/f1lZbAQM=
github.com/pmezard/go-difflib v1.0.0/go.mod h1:iKH77koFhYxTK1pcRnkKkqfTogsbg7gZNVY4sRDYZ/4=
github.com/pschlump/ansi v1.0.6 h1:mAAZ20uW+pPuULwI6Rekx+f0nUs1F476JPsmgJw2gz4=
github.com/pschlump/ansi v1.0.6/go.mod h1:HL+yF5C/q9zeF4b7yy4IWv1D/YhDvAdASrcvHXIbDlg=
github.com/pschlump/dbgo v1.0.8 h1:kbTQqr09BTcBUg5XE4pMq4/5cPWKbOrwuYt79lkEdKE=
github.com/pschlump/dbgo v1.0.8/go.mod h1:oilvRNL4sTUJDocqan/bbQ6I2td4VGAh1ELNRn3O0cs=
github.com/pschlump/filelib v1.0.12 h1:pB5nVPPBBOaBXlqZoa4LOI9XdCNXcWejHsodJK0mcN0=
github.com/pschlump/filelib v1.0.12/go.mod h1:AOVRf/K+wXgWYhsOc4ioeadyH1ANE3zob/Pgo+hoGGQ=
github.com/pschlump/go-colorable v0.0.23 h1:UdM+V6pg9ww8hsO7/I9YkzjipssckhCKmj+MEKCyTjk=
github.com/pschlump/go-colorable v0.0.23/go.mod h1:78yjz7VlNmkI/IHT0RkrsURw6D9p9RBsEN0nUTqn33w=
github.com/pschlump/go-isatty v0.0.23 h1:kxb8KCqbhWOmt90CLyouSmGB1d4GXCxxohG62/32J/s=
github.com/pschlump/go-isatty v0.0.23/go.mod h1:iSn1Ye2AgCl5orxIQqjqr/KwlTzEVmY2uINz+1yvVW8=
github.com/pschlump/json v1.12.1 h1:0E7lGxBvv7N+iY4p3/futCjRYAD62qpRL6+DdnZcSXY=
github.com/pschlump/json v1.12.1/go.mod h1:O7hZ/dn2YrWqDT4CG8CJKJCSIv6Z+Lv1wINCA7BHeJA=
github.com/pschlump/jsondiff v1.0.0 h1:cZj9/Hc9s0xqijeIE324TezyjATj5LyBXZ4poo31f2w=
github.com/pschlump/jsondiff v1.0.0/go.mod h1:5F1LpYugIdwtw8JJUAp5lqAA7ZRYE3GFU3XhpPYcK10=
github.com/stretchr/testify v1.8.0 h1:pSgiaMZlXftHpm5L7V1+rVB+AZJydKsMxsQBIJw4PKk=
github.com/stretchr/testify v1.8.0/go.mod h1:yNjHg4UonilssWZ8iaSj1OCr/vHnekPRkoO+kdMU+MU=
golang.org/x/sys v0.0.0-20210630005230-0f9fa26af87c/go.mod h1:oPkhp1MJrh7nUepCBck5+mAzfO9JrbApNNgaTdGDITg=
golang.org/x/sys v0.0.0-20210927094055-39ccf1dd6fa6/go.mod h1:oPkhp1MJrh7nUepCBck5+mAzfO9JrbApNNgaTdGDITg=
golang.org/x/sys v0.18.0 h1:DBdB3niSjOA/O0blCZBqDefyWNYveAYMNF1Wum0DYQ4=
golang.org/x/sys v0.18.0/go.mod h1:/VUhepiaJMQUp4+oa/7Zr1D23ma6VTLIYjOOTFZPUcA=
gopkg.in/yaml.v3 v3.0.1 h1:fxVm/GzAzEWqLHuvctI91KS9hhNmmWOoWu0XTYJS7CA=
gopkg.in/yaml.v3 v3.0.1/go.mod h1:K4uyk7z7BCEPqu6E+C64Yfv1cQ7kz7rIZviUmN+EgEM=
